// !$*UTF8*$!
{
	archiveVersion = 1;
	classes = {
	};
	objectVersion = 50;
	objects = {

/* Begin PBXBuildFile section */
		E5F7DFE92104C9B500D030D5 /* AppDelegate.swift in Sources */ = {isa = PBXBuildFile; fileRef = E5F7DFE82104C9B500D030D5 /* AppDelegate.swift */; };
		E5F7DFEB2104C9B500D030D5 /* ViewController.swift in Sources */ = {isa = PBXBuildFile; fileRef = E5F7DFEA2104C9B500D030D5 /* ViewController.swift */; };
		E5F7DFEE2104C9B500D030D5 /* Main.storyboard in Resources */ = {isa = PBXBuildFile; fileRef = E5F7DFEC2104C9B500D030D5 /* Main.storyboard */; };
		E5F7DFF02104C9BB00D030D5 /* Assets.xcassets in Resources */ = {isa = PBXBuildFile; fileRef = E5F7DFEF2104C9BB00D030D5 /* Assets.xcassets */; };
		E5F7DFF32104C9BB00D030D5 /* LaunchScreen.storyboard in Resources */ = {isa = PBXBuildFile; fileRef = E5F7DFF12104C9BB00D030D5 /* LaunchScreen.storyboard */; };
		E5F7DFFE2104C9BB00D030D5 /* FontViewerTests.swift in Sources */ = {isa = PBXBuildFile; fileRef = E5F7DFFD2104C9BB00D030D5 /* FontViewerTests.swift */; };
		E5F7E0092104C9BB00D030D5 /* FontViewerUITests.swift in Sources */ = {isa = PBXBuildFile; fileRef = E5F7E0082104C9BB00D030D5 /* FontViewerUITests.swift */; };
		E5F7E0192104D4D000D030D5 /* FontCollectionViewController.swift in Sources */ = {isa = PBXBuildFile; fileRef = E5F7E0182104D4D000D030D5 /* FontCollectionViewController.swift */; };
		E5F7E01B2104DC4D00D030D5 /* FontCollectionViewCell.swift in Sources */ = {isa = PBXBuildFile; fileRef = E5F7E01A2104DC4D00D030D5 /* FontCollectionViewCell.swift */; };
/* End PBXBuildFile section */

/* Begin PBXContainerItemProxy section */
		E5F7DFFA2104C9BB00D030D5 /* PBXContainerItemProxy */ = {
			isa = PBXContainerItemProxy;
			containerPortal = E5F7DFDD2104C9B400D030D5 /* Project object */;
			proxyType = 1;
			remoteGlobalIDString = E5F7DFE42104C9B400D030D5;
			remoteInfo = FontViewer;
		};
		E5F7E0052104C9BB00D030D5 /* PBXContainerItemProxy */ = {
			isa = PBXContainerItemProxy;
			containerPortal = E5F7DFDD2104C9B400D030D5 /* Project object */;
			proxyType = 1;
			remoteGlobalIDString = E5F7DFE42104C9B400D030D5;
			remoteInfo = FontViewer;
		};
/* End PBXContainerItemProxy section */

/* Begin PBXFileReference section */
		E5F7DFE52104C9B400D030D5 /* FontViewer.app */ = {isa = PBXFileReference; explicitFileType = wrapper.application; includeInIndex = 0; path = FontViewer.app; sourceTree = BUILT_PRODUCTS_DIR; };
		E5F7DFE82104C9B500D030D5 /* AppDelegate.swift */ = {isa = PBXFileReference; lastKnownFileType = sourcecode.swift; path = AppDelegate.swift; sourceTree = "<group>"; };
		E5F7DFEA2104C9B500D030D5 /* ViewController.swift */ = {isa = PBXFileReference; lastKnownFileType = sourcecode.swift; path = ViewController.swift; sourceTree = "<group>"; };
		E5F7DFED2104C9B500D030D5 /* Base */ = {isa = PBXFileReference; lastKnownFileType = file.storyboard; name = Base; path = Base.lproj/Main.storyboard; sourceTree = "<group>"; };
		E5F7DFEF2104C9BB00D030D5 /* Assets.xcassets */ = {isa = PBXFileReference; lastKnownFileType = folder.assetcatalog; path = Assets.xcassets; sourceTree = "<group>"; };
		E5F7DFF22104C9BB00D030D5 /* Base */ = {isa = PBXFileReference; lastKnownFileType = file.storyboard; name = Base; path = Base.lproj/LaunchScreen.storyboard; sourceTree = "<group>"; };
		E5F7DFF42104C9BB00D030D5 /* Info.plist */ = {isa = PBXFileReference; lastKnownFileType = text.plist.xml; path = Info.plist; sourceTree = "<group>"; };
		E5F7DFF92104C9BB00D030D5 /* FontViewerTests.xctest */ = {isa = PBXFileReference; explicitFileType = wrapper.cfbundle; includeInIndex = 0; path = FontViewerTests.xctest; sourceTree = BUILT_PRODUCTS_DIR; };
		E5F7DFFD2104C9BB00D030D5 /* FontViewerTests.swift */ = {isa = PBXFileReference; lastKnownFileType = sourcecode.swift; path = FontViewerTests.swift; sourceTree = "<group>"; };
		E5F7DFFF2104C9BB00D030D5 /* Info.plist */ = {isa = PBXFileReference; lastKnownFileType = text.plist.xml; path = Info.plist; sourceTree = "<group>"; };
		E5F7E0042104C9BB00D030D5 /* FontViewerUITests.xctest */ = {isa = PBXFileReference; explicitFileType = wrapper.cfbundle; includeInIndex = 0; path = FontViewerUITests.xctest; sourceTree = BUILT_PRODUCTS_DIR; };
		E5F7E0082104C9BB00D030D5 /* FontViewerUITests.swift */ = {isa = PBXFileReference; lastKnownFileType = sourcecode.swift; path = FontViewerUITests.swift; sourceTree = "<group>"; };
		E5F7E00A2104C9BB00D030D5 /* Info.plist */ = {isa = PBXFileReference; lastKnownFileType = text.plist.xml; path = Info.plist; sourceTree = "<group>"; };
		E5F7E0182104D4D000D030D5 /* FontCollectionViewController.swift */ = {isa = PBXFileReference; lastKnownFileType = sourcecode.swift; path = FontCollectionViewController.swift; sourceTree = "<group>"; };
		E5F7E01A2104DC4D00D030D5 /* FontCollectionViewCell.swift */ = {isa = PBXFileReference; lastKnownFileType = sourcecode.swift; path = FontCollectionViewCell.swift; sourceTree = "<group>"; };
/* End PBXFileReference section */

/* Begin PBXFrameworksBuildPhase section */
		E5F7DFE22104C9B400D030D5 /* Frameworks */ = {
			isa = PBXFrameworksBuildPhase;
			buildActionMask = 2147483647;
			files = (
			);
			runOnlyForDeploymentPostprocessing = 0;
		};
		E5F7DFF62104C9BB00D030D5 /* Frameworks */ = {
			isa = PBXFrameworksBuildPhase;
			buildActionMask = 2147483647;
			files = (
			);
			runOnlyForDeploymentPostprocessing = 0;
		};
		E5F7E0012104C9BB00D030D5 /* Frameworks */ = {
			isa = PBXFrameworksBuildPhase;
			buildActionMask = 2147483647;
			files = (
			);
			runOnlyForDeploymentPostprocessing = 0;
		};
/* End PBXFrameworksBuildPhase section */

/* Begin PBXGroup section */
		E5F7DFDC2104C9B400D030D5 = {
			isa = PBXGroup;
			children = (
				E5F7DFE72104C9B400D030D5 /* FontViewer */,
				E5F7DFFC2104C9BB00D030D5 /* FontViewerTests */,
				E5F7E0072104C9BB00D030D5 /* FontViewerUITests */,
				E5F7DFE62104C9B400D030D5 /* Products */,
			);
			sourceTree = "<group>";
		};
		E5F7DFE62104C9B400D030D5 /* Products */ = {
			isa = PBXGroup;
			children = (
				E5F7DFE52104C9B400D030D5 /* FontViewer.app */,
				E5F7DFF92104C9BB00D030D5 /* FontViewerTests.xctest */,
				E5F7E0042104C9BB00D030D5 /* FontViewerUITests.xctest */,
			);
			name = Products;
			sourceTree = "<group>";
		};
		E5F7DFE72104C9B400D030D5 /* FontViewer */ = {
			isa = PBXGroup;
			children = (
				E5F7DFE82104C9B500D030D5 /* AppDelegate.swift */,
				E5F7DFEA2104C9B500D030D5 /* ViewController.swift */,
				E5F7E01A2104DC4D00D030D5 /* FontCollectionViewCell.swift */,
				E5F7E0182104D4D000D030D5 /* FontCollectionViewController.swift */,
				E5F7DFEC2104C9B500D030D5 /* Main.storyboard */,
				E5F7DFEF2104C9BB00D030D5 /* Assets.xcassets */,
				E5F7DFF12104C9BB00D030D5 /* LaunchScreen.storyboard */,
				E5F7DFF42104C9BB00D030D5 /* Info.plist */,
			);
			path = FontViewer;
			sourceTree = "<group>";
		};
		E5F7DFFC2104C9BB00D030D5 /* FontViewerTests */ = {
			isa = PBXGroup;
			children = (
				E5F7DFFD2104C9BB00D030D5 /* FontViewerTests.swift */,
				E5F7DFFF2104C9BB00D030D5 /* Info.plist */,
			);
			path = FontViewerTests;
			sourceTree = "<group>";
		};
		E5F7E0072104C9BB00D030D5 /* FontViewerUITests */ = {
			isa = PBXGroup;
			children = (
				E5F7E0082104C9BB00D030D5 /* FontViewerUITests.swift */,
				E5F7E00A2104C9BB00D030D5 /* Info.plist */,
			);
			path = FontViewerUITests;
			sourceTree = "<group>";
		};
/* End PBXGroup section */

/* Begin PBXNativeTarget section */
		E5F7DFE42104C9B400D030D5 /* FontViewer */ = {
			isa = PBXNativeTarget;
			buildConfigurationList = E5F7E00D2104C9BB00D030D5 /* Build configuration list for PBXNativeTarget "FontViewer" */;
			buildPhases = (
				E5F7DFE12104C9B400D030D5 /* Sources */,
				E5F7DFE22104C9B400D030D5 /* Frameworks */,
				E5F7DFE32104C9B400D030D5 /* Resources */,
			);
			buildRules = (
			);
			dependencies = (
			);
			name = FontViewer;
			productName = FontViewer;
			productReference = E5F7DFE52104C9B400D030D5 /* FontViewer.app */;
			productType = "com.apple.product-type.application";
		};
		E5F7DFF82104C9BB00D030D5 /* FontViewerTests */ = {
			isa = PBXNativeTarget;
			buildConfigurationList = E5F7E0102104C9BB00D030D5 /* Build configuration list for PBXNativeTarget "FontViewerTests" */;
			buildPhases = (
				E5F7DFF52104C9BB00D030D5 /* Sources */,
				E5F7DFF62104C9BB00D030D5 /* Frameworks */,
				E5F7DFF72104C9BB00D030D5 /* Resources */,
			);
			buildRules = (
			);
			dependencies = (
				E5F7DFFB2104C9BB00D030D5 /* PBXTargetDependency */,
			);
			name = FontViewerTests;
			productName = FontViewerTests;
			productReference = E5F7DFF92104C9BB00D030D5 /* FontViewerTests.xctest */;
			productType = "com.apple.product-type.bundle.unit-test";
		};
		E5F7E0032104C9BB00D030D5 /* FontViewerUITests */ = {
			isa = PBXNativeTarget;
			buildConfigurationList = E5F7E0132104C9BB00D030D5 /* Build configuration list for PBXNativeTarget "FontViewerUITests" */;
			buildPhases = (
				E5F7E0002104C9BB00D030D5 /* Sources */,
				E5F7E0012104C9BB00D030D5 /* Frameworks */,
				E5F7E0022104C9BB00D030D5 /* Resources */,
			);
			buildRules = (
			);
			dependencies = (
				E5F7E0062104C9BB00D030D5 /* PBXTargetDependency */,
			);
			name = FontViewerUITests;
			productName = FontViewerUITests;
			productReference = E5F7E0042104C9BB00D030D5 /* FontViewerUITests.xctest */;
			productType = "com.apple.product-type.bundle.ui-testing";
		};
/* End PBXNativeTarget section */

/* Begin PBXProject section */
		E5F7DFDD2104C9B400D030D5 /* Project object */ = {
			isa = PBXProject;
			attributes = {
				LastSwiftUpdateCheck = 0940;
				LastUpgradeCheck = 0940;
				ORGANIZATIONNAME = "Natallia Zubareva";
				TargetAttributes = {
					E5F7DFE42104C9B400D030D5 = {
						CreatedOnToolsVersion = 9.4.1;
					};
					E5F7DFF82104C9BB00D030D5 = {
						CreatedOnToolsVersion = 9.4.1;
						TestTargetID = E5F7DFE42104C9B400D030D5;
					};
					E5F7E0032104C9BB00D030D5 = {
						CreatedOnToolsVersion = 9.4.1;
						TestTargetID = E5F7DFE42104C9B400D030D5;
					};
				};
			};
			buildConfigurationList = E5F7DFE02104C9B400D030D5 /* Build configuration list for PBXProject "FontViewer" */;
			compatibilityVersion = "Xcode 9.3";
			developmentRegion = en;
			hasScannedForEncodings = 0;
			knownRegions = (
				en,
				Base,
			);
			mainGroup = E5F7DFDC2104C9B400D030D5;
			productRefGroup = E5F7DFE62104C9B400D030D5 /* Products */;
			projectDirPath = "";
			projectRoot = "";
			targets = (
				E5F7DFE42104C9B400D030D5 /* FontViewer */,
				E5F7DFF82104C9BB00D030D5 /* FontViewerTests */,
				E5F7E0032104C9BB00D030D5 /* FontViewerUITests */,
			);
		};
/* End PBXProject section */

/* Begin PBXResourcesBuildPhase section */
		E5F7DFE32104C9B400D030D5 /* Resources */ = {
			isa = PBXResourcesBuildPhase;
			buildActionMask = 2147483647;
			files = (
				E5F7DFF32104C9BB00D030D5 /* LaunchScreen.storyboard in Resources */,
				E5F7DFF02104C9BB00D030D5 /* Assets.xcassets in Resources */,
				E5F7DFEE2104C9B500D030D5 /* Main.storyboard in Resources */,
			);
			runOnlyForDeploymentPostprocessing = 0;
		};
		E5F7DFF72104C9BB00D030D5 /* Resources */ = {
			isa = PBXResourcesBuildPhase;
			buildActionMask = 2147483647;
			files = (
			);
			runOnlyForDeploymentPostprocessing = 0;
		};
		E5F7E0022104C9BB00D030D5 /* Resources */ = {
			isa = PBXResourcesBuildPhase;
			buildActionMask = 2147483647;
			files = (
			);
			runOnlyForDeploymentPostprocessing = 0;
		};
/* End PBXResourcesBuildPhase section */

/* Begin PBXSourcesBuildPhase section */
		E5F7DFE12104C9B400D030D5 /* Sources */ = {
			isa = PBXSourcesBuildPhase;
			buildActionMask = 2147483647;
			files = (
				E5F7E0192104D4D000D030D5 /* FontCollectionViewController.swift in Sources */,
				E5F7E01B2104DC4D00D030D5 /* FontCollectionViewCell.swift in Sources */,
				E5F7DFEB2104C9B500D030D5 /* ViewController.swift in Sources */,
				E5F7DFE92104C9B500D030D5 /* AppDelegate.swift in Sources */,
			);
			runOnlyForDeploymentPostprocessing = 0;
		};
		E5F7DFF52104C9BB00D030D5 /* Sources */ = {
			isa = PBXSourcesBuildPhase;
			buildActionMask = 2147483647;
			files = (
				E5F7DFFE2104C9BB00D030D5 /* FontViewerTests.swift in Sources */,
			);
			runOnlyForDeploymentPostprocessing = 0;
		};
		E5F7E0002104C9BB00D030D5 /* Sources */ = {
			isa = PBXSourcesBuildPhase;
			buildActionMask = 2147483647;
			files = (
				E5F7E0092104C9BB00D030D5 /* FontViewerUITests.swift in Sources */,
			);
			runOnlyForDeploymentPostprocessing = 0;
		};
/* End PBXSourcesBuildPhase section */

/* Begin PBXTargetDependency section */
		E5F7DFFB2104C9BB00D030D5 /* PBXTargetDependency */ = {
			isa = PBXTargetDependency;
			target = E5F7DFE42104C9B400D030D5 /* FontViewer */;
			targetProxy = E5F7DFFA2104C9BB00D030D5 /* PBXContainerItemProxy */;
		};
		E5F7E0062104C9BB00D030D5 /* PBXTargetDependency */ = {
			isa = PBXTargetDependency;
			target = E5F7DFE42104C9B400D030D5 /* FontViewer */;
			targetProxy = E5F7E0052104C9BB00D030D5 /* PBXContainerItemProxy */;
		};
/* End PBXTargetDependency section */

/* Begin PBXVariantGroup section */
		E5F7DFEC2104C9B500D030D5 /* Main.storyboard */ = {
			isa = PBXVariantGroup;
			children = (
				E5F7DFED2104C9B500D030D5 /* Base */,
			);
			name = Main.storyboard;
			sourceTree = "<group>";
		};
		E5F7DFF12104C9BB00D030D5 /* LaunchScreen.storyboard */ = {
			isa = PBXVariantGroup;
			children = (
				E5F7DFF22104C9BB00D030D5 /* Base */,
			);
			name = LaunchScreen.storyboard;
			sourceTree = "<group>";
		};
/* End PBXVariantGroup section */

/* Begin XCBuildConfiguration section */
		E5F7E00B2104C9BB00D030D5 /* Debug */ = {
			isa = XCBuildConfiguration;
			buildSettings = {
				ALWAYS_SEARCH_USER_PATHS = NO;
				CLANG_ANALYZER_NONNULL = YES;
				CLANG_ANALYZER_NUMBER_OBJECT_CONVERSION = YES_AGGRESSIVE;
				CLANG_CXX_LANGUAGE_STANDARD = "gnu++14";
				CLANG_CXX_LIBRARY = "libc++";
				CLANG_ENABLE_MODULES = YES;
				CLANG_ENABLE_OBJC_ARC = YES;
				CLANG_ENABLE_OBJC_WEAK = YES;
				CLANG_WARN_BLOCK_CAPTURE_AUTORELEASING = YES;
				CLANG_WARN_BOOL_CONVERSION = YES;
				CLANG_WARN_COMMA = YES;
				CLANG_WARN_CONSTANT_CONVERSION = YES;
				CLANG_WARN_DEPRECATED_OBJC_IMPLEMENTATIONS = YES;
				CLANG_WARN_DIRECT_OBJC_ISA_USAGE = YES_ERROR;
				CLANG_WARN_DOCUMENTATION_COMMENTS = YES;
				CLANG_WARN_EMPTY_BODY = YES;
				CLANG_WARN_ENUM_CONVERSION = YES;
				CLANG_WARN_INFINITE_RECURSION = YES;
				CLANG_WARN_INT_CONVERSION = YES;
				CLANG_WARN_NON_LITERAL_NULL_CONVERSION = YES;
				CLANG_WARN_OBJC_IMPLICIT_RETAIN_SELF = YES;
				CLANG_WARN_OBJC_LITERAL_CONVERSION = YES;
				CLANG_WARN_OBJC_ROOT_CLASS = YES_ERROR;
				CLANG_WARN_RANGE_LOOP_ANALYSIS = YES;
				CLANG_WARN_STRICT_PROTOTYPES = YES;
				CLANG_WARN_SUSPICIOUS_MOVE = YES;
				CLANG_WARN_UNGUARDED_AVAILABILITY = YES_AGGRESSIVE;
				CLANG_WARN_UNREACHABLE_CODE = YES;
				CLANG_WARN__DUPLICATE_METHOD_MATCH = YES;
				CODE_SIGN_IDENTITY = "iPhone Developer";
				COPY_PHASE_STRIP = NO;
				DEBUG_INFORMATION_FORMAT = dwarf;
				ENABLE_STRICT_OBJC_MSGSEND = YES;
				ENABLE_TESTABILITY = YES;
				GCC_C_LANGUAGE_STANDARD = gnu11;
				GCC_DYNAMIC_NO_PIC = NO;
				GCC_NO_COMMON_BLOCKS = YES;
				GCC_OPTIMIZATION_LEVEL = 0;
				GCC_PREPROCESSOR_DEFINITIONS = (
					"DEBUG=1",
					"$(inherited)",
				);
				GCC_WARN_64_TO_32_BIT_CONVERSION = YES;
				GCC_WARN_ABOUT_RETURN_TYPE = YES_ERROR;
				GCC_WARN_UNDECLARED_SELECTOR = YES;
				GCC_WARN_UNINITIALIZED_AUTOS = YES_AGGRESSIVE;
				GCC_WARN_UNUSED_FUNCTION = YES;
				GCC_WARN_UNUSED_VARIABLE = YES;
				IPHONEOS_DEPLOYMENT_TARGET = 11.4;
				MTL_ENABLE_DEBUG_INFO = YES;
				ONLY_ACTIVE_ARCH = YES;
				SDKROOT = iphoneos;
				SWIFT_ACTIVE_COMPILATION_CONDITIONS = DEBUG;
				SWIFT_OPTIMIZATION_LEVEL = "-Onone";
			};
			name = Debug;
		};
		E5F7E00C2104C9BB00D030D5 /* Release */ = {
			isa = XCBuildConfiguration;
			buildSettings = {
				ALWAYS_SEARCH_USER_PATHS = NO;
				CLANG_ANALYZER_NONNULL = YES;
				CLANG_ANALYZER_NUMBER_OBJECT_CONVERSION = YES_AGGRESSIVE;
				CLANG_CXX_LANGUAGE_STANDARD = "gnu++14";
				CLANG_CXX_LIBRARY = "libc++";
				CLANG_ENABLE_MODULES = YES;
				CLANG_ENABLE_OBJC_ARC = YES;
				CLANG_ENABLE_OBJC_WEAK = YES;
				CLANG_WARN_BLOCK_CAPTURE_AUTORELEASING = YES;
				CLANG_WARN_BOOL_CONVERSION = YES;
				CLANG_WARN_COMMA = YES;
				CLANG_WARN_CONSTANT_CONVERSION = YES;
				CLANG_WARN_DEPRECATED_OBJC_IMPLEMENTATIONS = YES;
				CLANG_WARN_DIRECT_OBJC_ISA_USAGE = YES_ERROR;
				CLANG_WARN_DOCUMENTATION_COMMENTS = YES;
				CLANG_WARN_EMPTY_BODY = YES;
				CLANG_WARN_ENUM_CONVERSION = YES;
				CLANG_WARN_INFINITE_RECURSION = YES;
				CLANG_WARN_INT_CONVERSION = YES;
				CLANG_WARN_NON_LITERAL_NULL_CONVERSION = YES;
				CLANG_WARN_OBJC_IMPLICIT_RETAIN_SELF = YES;
				CLANG_WARN_OBJC_LITERAL_CONVERSION = YES;
				CLANG_WARN_OBJC_ROOT_CLASS = YES_ERROR;
				CLANG_WARN_RANGE_LOOP_ANALYSIS = YES;
				CLANG_WARN_STRICT_PROTOTYPES = YES;
				CLANG_WARN_SUSPICIOUS_MOVE = YES;
				CLANG_WARN_UNGUARDED_AVAILABILITY = YES_AGGRESSIVE;
				CLANG_WARN_UNREACHABLE_CODE = YES;
				CLANG_WARN__DUPLICATE_METHOD_MATCH = YES;
				CODE_SIGN_IDENTITY = "iPhone Developer";
				COPY_PHASE_STRIP = NO;
				DEBUG_INFORMATION_FORMAT = "dwarf-with-dsym";
				ENABLE_NS_ASSERTIONS = NO;
				ENABLE_STRICT_OBJC_MSGSEND = YES;
				GCC_C_LANGUAGE_STANDARD = gnu11;
				GCC_NO_COMMON_BLOCKS = YES;
				GCC_WARN_64_TO_32_BIT_CONVERSION = YES;
				GCC_WARN_ABOUT_RETURN_TYPE = YES_ERROR;
				GCC_WARN_UNDECLARED_SELECTOR = YES;
				GCC_WARN_UNINITIALIZED_AUTOS = YES_AGGRESSIVE;
				GCC_WARN_UNUSED_FUNCTION = YES;
				GCC_WARN_UNUSED_VARIABLE = YES;
				IPHONEOS_DEPLOYMENT_TARGET = 11.4;
				MTL_ENABLE_DEBUG_INFO = NO;
				SDKROOT = iphoneos;
				SWIFT_COMPILATION_MODE = wholemodule;
				SWIFT_OPTIMIZATION_LEVEL = "-O";
				VALIDATE_PRODUCT = YES;
			};
			name = Release;
		};
		E5F7E00E2104C9BB00D030D5 /* Debug */ = {
			isa = XCBuildConfiguration;
			buildSettings = {
				ASSETCATALOG_COMPILER_APPICON_NAME = AppIcon;
				CODE_SIGN_STYLE = Automatic;
				INFOPLIST_FILE = FontViewer/Info.plist;
				LD_RUNPATH_SEARCH_PATHS = (
					"$(inherited)",
					"@executable_path/Frameworks",
				);
				PRODUCT_BUNDLE_IDENTIFIER = home.ioslessons.FontViewer;
				PRODUCT_NAME = "$(TARGET_NAME)";
				SWIFT_VERSION = 4.0;
				TARGETED_DEVICE_FAMILY = "1,2";
			};
			name = Debug;
		};
		E5F7E00F2104C9BB00D030D5 /* Release */ = {
			isa = XCBuildConfiguration;
			buildSettings = {
				ASSETCATALOG_COMPILER_APPICON_NAME = AppIcon;
				CODE_SIGN_STYLE = Automatic;
				INFOPLIST_FILE = FontViewer/Info.plist;
				LD_RUNPATH_SEARCH_PATHS = (
					"$(inherited)",
					"@executable_path/Frameworks",
				);
				PRODUCT_BUNDLE_IDENTIFIER = home.ioslessons.FontViewer;
				PRODUCT_NAME = "$(TARGET_NAME)";
				SWIFT_VERSION = 4.0;
				TARGETED_DEVICE_FAMILY = "1,2";
			};
			name = Release;
		};
		E5F7E0112104C9BB00D030D5 /* Debug */ = {
			isa = XCBuildConfiguration;
			buildSettings = {
				ALWAYS_EMBED_SWIFT_STANDARD_LIBRARIES = YES;
				BUNDLE_LOADER = "$(TEST_HOST)";
				CODE_SIGN_STYLE = Automatic;
				INFOPLIST_FILE = FontViewerTests/Info.plist;
				LD_RUNPATH_SEARCH_PATHS = (
					"$(inherited)",
					"@executable_path/Frameworks",
					"@loader_path/Frameworks",
				);
				PRODUCT_BUNDLE_IDENTIFIER = home.ioslessons.FontViewerTests;
				PRODUCT_NAME = "$(TARGET_NAME)";
				SWIFT_VERSION = 4.0;
				TARGETED_DEVICE_FAMILY = "1,2";
				TEST_HOST = "$(BUILT_PRODUCTS_DIR)/FontViewer.app/FontViewer";
			};
			name = Debug;
		};
		E5F7E0122104C9BB00D030D5 /* Release */ = {
			isa = XCBuildConfiguration;
			buildSettings = {
				ALWAYS_EMBED_SWIFT_STANDARD_LIBRARIES = YES;
				BUNDLE_LOADER = "$(TEST_HOST)";
				CODE_SIGN_STYLE = Automatic;
				INFOPLIST_FILE = FontViewerTests/Info.plist;
				LD_RUNPATH_SEARCH_PATHS = (
					"$(inherited)",
					"@executable_path/Frameworks",
					"@loader_path/Frameworks",
				);
				PRODUCT_BUNDLE_IDENTIFIER = home.ioslessons.FontViewerTests;
				PRODUCT_NAME = "$(TARGET_NAME)";
				SWIFT_VERSION = 4.0;
				TARGETED_DEVICE_FAMILY = "1,2";
				TEST_HOST = "$(BUILT_PRODUCTS_DIR)/FontViewer.app/FontViewer";
			};
			name = Release;
		};
		E5F7E0142104C9BB00D030D5 /* Debug */ = {
			isa = XCBuildConfiguration;
			buildSettings = {
				ALWAYS_EMBED_SWIFT_STANDARD_LIBRARIES = YES;
				CODE_SIGN_STYLE = Automatic;
				INFOPLIST_FILE = FontViewerUITests/Info.plist;
				LD_RUNPATH_SEARCH_PATHS = (
					"$(inherited)",
					"@executable_path/Frameworks",
					"@loader_path/Frameworks",
				);
				PRODUCT_BUNDLE_IDENTIFIER = home.ioslessons.FontViewerUITests;
				PRODUCT_NAME = "$(TARGET_NAME)";
				SWIFT_VERSION = 4.0;
				TARGETED_DEVICE_FAMILY = "1,2";
				TEST_TARGET_NAME = FontViewer;
			};
			name = Debug;
		};
		E5F7E0152104C9BB00D030D5 /* Release */ = {
			isa = XCBuildConfiguration;
			buildSettings = {
				ALWAYS_EMBED_SWIFT_STANDARD_LIBRARIES = YES;
				CODE_SIGN_STYLE = Automatic;
				INFOPLIST_FILE = FontViewerUITests/Info.plist;
				LD_RUNPATH_SEARCH_PATHS = (
					"$(inherited)",
					"@executable_path/Frameworks",
					"@loader_path/Frameworks",
				);
				PRODUCT_BUNDLE_IDENTIFIER = home.ioslessons.FontViewerUITests;
				PRODUCT_NAME = "$(TARGET_NAME)";
				SWIFT_VERSION = 4.0;
				TARGETED_DEVICE_FAMILY = "1,2";
				TEST_TARGET_NAME = FontViewer;
			};
			name = Release;
		};
/* End XCBuildConfiguration section */

/* Begin XCConfigurationList section */
		E5F7DFE02104C9B400D030D5 /* Build configuration list for PBXProject "FontViewer" */ = {
			isa = XCConfigurationList;
			buildConfigurations = (
				E5F7E00B2104C9BB00D030D5 /* Debug */,
				E5F7E00C2104C9BB00D030D5 /* Release */,
			);
			defaultConfigurationIsVisible = 0;
			defaultConfigurationName = Release;
		};
		E5F7E00D2104C9BB00D030D5 /* Build configuration list for PBXNativeTarget "FontViewer" */ = {
			isa = XCConfigurationList;
			buildConfigurations = (
				E5F7E00E2104C9BB00D030D5 /* Debug */,
				E5F7E00F2104C9BB00D030D5 /* Release */,
			);
			defaultConfigurationIsVisible = 0;
			defaultConfigurationName = Release;
		};
		E5F7E0102104C9BB00D030D5 /* Build configuration list for PBXNativeTarget "FontViewerTests" */ = {
			isa = XCConfigurationList;
			buildConfigurations = (
				E5F7E0112104C9BB00D030D5 /* Debug */,
				E5F7E0122104C9BB00D030D5 /* Release */,
			);
			defaultConfigurationIsVisible = 0;
			defaultConfigurationName = Release;
		};
		E5F7E0132104C9BB00D030D5 /* Build configuration list for PBXNativeTarget "FontViewerUITests" */ = {
			isa = XCConfigurationList;
			buildConfigurations = (
				E5F7E0142104C9BB00D030D5 /* Debug */,
				E5F7E0152104C9BB00D030D5 /* Release */,
			);
			defaultConfigurationIsVisible = 0;
			defaultConfigurationName = Release;
		};
/* End XCConfigurationList section */
	};
	rootObject = E5F7DFDD2104C9B400D030D5 /* Project object */;
}
